// !$*UTF8*$!
{
	archiveVersion = 1;
	classes = {
	};
	objectVersion = 50;
	objects = {

/* Begin PBXBuildFile section */
		8D4118622305C4360036DCB6 /* ServiceLayer.swift in Sources */ = {isa = PBXBuildFile; fileRef = 8D4118612305C4360036DCB6 /* ServiceLayer.swift */; };
		8D4118642305CFE60036DCB6 /* Router.swift in Sources */ = {isa = PBXBuildFile; fileRef = 8D4118632305CFE60036DCB6 /* Router.swift */; };
		8D4118662305E11E0036DCB6 /* WeatherModel.swift in Sources */ = {isa = PBXBuildFile; fileRef = 8D4118652305E11E0036DCB6 /* WeatherModel.swift */; };
		8D992A0122F353930013584E /* AppDelegate.swift in Sources */ = {isa = PBXBuildFile; fileRef = 8D992A0022F353930013584E /* AppDelegate.swift */; };
		8D992A0322F353930013584E /* ViewController.swift in Sources */ = {isa = PBXBuildFile; fileRef = 8D992A0222F353930013584E /* ViewController.swift */; };
		8D992A0622F353930013584E /* Main.storyboard in Resources */ = {isa = PBXBuildFile; fileRef = 8D992A0422F353930013584E /* Main.storyboard */; };
		8D992A0922F353930013584E /* SPD_Take_Home.xcdatamodeld in Sources */ = {isa = PBXBuildFile; fileRef = 8D992A0722F353930013584E /* SPD_Take_Home.xcdatamodeld */; };
		8D992A0B22F353950013584E /* Assets.xcassets in Resources */ = {isa = PBXBuildFile; fileRef = 8D992A0A22F353950013584E /* Assets.xcassets */; };
		8D992A0E22F353950013584E /* LaunchScreen.storyboard in Resources */ = {isa = PBXBuildFile; fileRef = 8D992A0C22F353950013584E /* LaunchScreen.storyboard */; };
		8D992A1922F353950013584E /* SPD_Take_HomeTests.swift in Sources */ = {isa = PBXBuildFile; fileRef = 8D992A1822F353950013584E /* SPD_Take_HomeTests.swift */; };
/* End PBXBuildFile section */

/* Begin PBXContainerItemProxy section */
		8D992A1522F353950013584E /* PBXContainerItemProxy */ = {
			isa = PBXContainerItemProxy;
			containerPortal = 8D9929F522F353930013584E /* Project object */;
			proxyType = 1;
			remoteGlobalIDString = 8D9929FC22F353930013584E;
			remoteInfo = "SPD-Take-Home";
		};
/* End PBXContainerItemProxy section */

/* Begin PBXFileReference section */
		8D4118612305C4360036DCB6 /* ServiceLayer.swift */ = {isa = PBXFileReference; lastKnownFileType = sourcecode.swift; path = ServiceLayer.swift; sourceTree = "<group>"; };
		8D4118632305CFE60036DCB6 /* Router.swift */ = {isa = PBXFileReference; lastKnownFileType = sourcecode.swift; path = Router.swift; sourceTree = "<group>"; };
		8D4118652305E11E0036DCB6 /* WeatherModel.swift */ = {isa = PBXFileReference; lastKnownFileType = sourcecode.swift; path = WeatherModel.swift; sourceTree = "<group>"; };
		8D9929FD22F353930013584E /* SPD-Take-Home.app */ = {isa = PBXFileReference; explicitFileType = wrapper.application; includeInIndex = 0; path = "SPD-Take-Home.app"; sourceTree = BUILT_PRODUCTS_DIR; };
		8D992A0022F353930013584E /* AppDelegate.swift */ = {isa = PBXFileReference; lastKnownFileType = sourcecode.swift; path = AppDelegate.swift; sourceTree = "<group>"; };
		8D992A0222F353930013584E /* ViewController.swift */ = {isa = PBXFileReference; lastKnownFileType = sourcecode.swift; path = ViewController.swift; sourceTree = "<group>"; };
		8D992A0522F353930013584E /* Base */ = {isa = PBXFileReference; lastKnownFileType = file.storyboard; name = Base; path = Base.lproj/Main.storyboard; sourceTree = "<group>"; };
		8D992A0822F353930013584E /* SPD_Take_Home.xcdatamodel */ = {isa = PBXFileReference; lastKnownFileType = wrapper.xcdatamodel; path = SPD_Take_Home.xcdatamodel; sourceTree = "<group>"; };
		8D992A0A22F353950013584E /* Assets.xcassets */ = {isa = PBXFileReference; lastKnownFileType = folder.assetcatalog; path = Assets.xcassets; sourceTree = "<group>"; };
		8D992A0D22F353950013584E /* Base */ = {isa = PBXFileReference; lastKnownFileType = file.storyboard; name = Base; path = Base.lproj/LaunchScreen.storyboard; sourceTree = "<group>"; };
		8D992A0F22F353950013584E /* Info.plist */ = {isa = PBXFileReference; lastKnownFileType = text.plist.xml; path = Info.plist; sourceTree = "<group>"; };
		8D992A1422F353950013584E /* SPD-Take-HomeTests.xctest */ = {isa = PBXFileReference; explicitFileType = wrapper.cfbundle; includeInIndex = 0; path = "SPD-Take-HomeTests.xctest"; sourceTree = BUILT_PRODUCTS_DIR; };
		8D992A1822F353950013584E /* SPD_Take_HomeTests.swift */ = {isa = PBXFileReference; lastKnownFileType = sourcecode.swift; path = SPD_Take_HomeTests.swift; sourceTree = "<group>"; };
		8D992A1A22F353950013584E /* Info.plist */ = {isa = PBXFileReference; lastKnownFileType = text.plist.xml; path = Info.plist; sourceTree = "<group>"; };
/* End PBXFileReference section */

/* Begin PBXFrameworksBuildPhase section */
		8D9929FA22F353930013584E /* Frameworks */ = {
			isa = PBXFrameworksBuildPhase;
			buildActionMask = 2147483647;
			files = (
			);
			runOnlyForDeploymentPostprocessing = 0;
		};
		8D992A1122F353950013584E /* Frameworks */ = {
			isa = PBXFrameworksBuildPhase;
			buildActionMask = 2147483647;
			files = (
			);
			runOnlyForDeploymentPostprocessing = 0;
		};
/* End PBXFrameworksBuildPhase section */

/* Begin PBXGroup section */
		8D9929F422F353930013584E = {
			isa = PBXGroup;
			children = (
				8D9929FF22F353930013584E /* SPD-Take-Home */,
				8D992A1722F353950013584E /* SPD-Take-HomeTests */,
				8D9929FE22F353930013584E /* Products */,
			);
			sourceTree = "<group>";
		};
		8D9929FE22F353930013584E /* Products */ = {
			isa = PBXGroup;
			children = (
				8D9929FD22F353930013584E /* SPD-Take-Home.app */,
				8D992A1422F353950013584E /* SPD-Take-HomeTests.xctest */,
			);
			name = Products;
			sourceTree = "<group>";
		};
		8D9929FF22F353930013584E /* SPD-Take-Home */ = {
			isa = PBXGroup;
			children = (
				8D992A0022F353930013584E /* AppDelegate.swift */,
				8D992A0222F353930013584E /* ViewController.swift */,
				8D992A0422F353930013584E /* Main.storyboard */,
				8D992A0A22F353950013584E /* Assets.xcassets */,
				8D992A0C22F353950013584E /* LaunchScreen.storyboard */,
				8D992A0F22F353950013584E /* Info.plist */,
				8D992A0722F353930013584E /* SPD_Take_Home.xcdatamodeld */,
				8D4118612305C4360036DCB6 /* ServiceLayer.swift */,
				8D4118632305CFE60036DCB6 /* Router.swift */,
				8D4118652305E11E0036DCB6 /* WeatherModel.swift */,
			);
			path = "SPD-Take-Home";
			sourceTree = "<group>";
		};
		8D992A1722F353950013584E /* SPD-Take-HomeTests */ = {
			isa = PBXGroup;
			children = (
				8D992A1822F353950013584E /* SPD_Take_HomeTests.swift */,
				8D992A1A22F353950013584E /* Info.plist */,
			);
			path = "SPD-Take-HomeTests";
			sourceTree = "<group>";
		};
/* End PBXGroup section */

/* Begin PBXNativeTarget section */
		8D9929FC22F353930013584E /* SPD-Take-Home */ = {
			isa = PBXNativeTarget;
			buildConfigurationList = 8D992A1D22F353950013584E /* Build configuration list for PBXNativeTarget "SPD-Take-Home" */;
			buildPhases = (
				8D9929F922F353930013584E /* Sources */,
				8D9929FA22F353930013584E /* Frameworks */,
				8D9929FB22F353930013584E /* Resources */,
			);
			buildRules = (
			);
			dependencies = (
			);
			name = "SPD-Take-Home";
			productName = "SPD-Take-Home";
			productReference = 8D9929FD22F353930013584E /* SPD-Take-Home.app */;
			productType = "com.apple.product-type.application";
		};
		8D992A1322F353950013584E /* SPD-Take-HomeTests */ = {
			isa = PBXNativeTarget;
			buildConfigurationList = 8D992A2022F353950013584E /* Build configuration list for PBXNativeTarget "SPD-Take-HomeTests" */;
			buildPhases = (
				8D992A1022F353950013584E /* Sources */,
				8D992A1122F353950013584E /* Frameworks */,
				8D992A1222F353950013584E /* Resources */,
			);
			buildRules = (
			);
			dependencies = (
				8D992A1622F353950013584E /* PBXTargetDependency */,
			);
			name = "SPD-Take-HomeTests";
			productName = "SPD-Take-HomeTests";
			productReference = 8D992A1422F353950013584E /* SPD-Take-HomeTests.xctest */;
			productType = "com.apple.product-type.bundle.unit-test";
		};
/* End PBXNativeTarget section */

/* Begin PBXProject section */
		8D9929F522F353930013584E /* Project object */ = {
			isa = PBXProject;
			attributes = {
				LastSwiftUpdateCheck = 1020;
				LastUpgradeCheck = 1020;
				ORGANIZATIONNAME = "Ricardo Rodriguez";
				TargetAttributes = {
					8D9929FC22F353930013584E = {
						CreatedOnToolsVersion = 10.2.1;
					};
					8D992A1322F353950013584E = {
						CreatedOnToolsVersion = 10.2.1;
						TestTargetID = 8D9929FC22F353930013584E;
					};
				};
			};
			buildConfigurationList = 8D9929F822F353930013584E /* Build configuration list for PBXProject "SPD-Take-Home" */;
			compatibilityVersion = "Xcode 9.3";
			developmentRegion = en;
			hasScannedForEncodings = 0;
			knownRegions = (
				en,
				Base,
			);
			mainGroup = 8D9929F422F353930013584E;
			productRefGroup = 8D9929FE22F353930013584E /* Products */;
			projectDirPath = "";
			projectRoot = "";
			targets = (
				8D9929FC22F353930013584E /* SPD-Take-Home */,
				8D992A1322F353950013584E /* SPD-Take-HomeTests */,
			);
		};
/* End PBXProject section */

/* Begin PBXResourcesBuildPhase section */
		8D9929FB22F353930013584E /* Resources */ = {
			isa = PBXResourcesBuildPhase;
			buildActionMask = 2147483647;
			files = (
				8D992A0E22F353950013584E /* LaunchScreen.storyboard in Resources */,
				8D992A0B22F353950013584E /* Assets.xcassets in Resources */,
				8D992A0622F353930013584E /* Main.storyboard in Resources */,
			);
			runOnlyForDeploymentPostprocessing = 0;
		};
		8D992A1222F353950013584E /* Resources */ = {
			isa = PBXResourcesBuildPhase;
			buildActionMask = 2147483647;
			files = (
			);
			runOnlyForDeploymentPostprocessing = 0;
		};
/* End PBXResourcesBuildPhase section */

/* Begin PBXSourcesBuildPhase section */
		8D9929F922F353930013584E /* Sources */ = {
			isa = PBXSourcesBuildPhase;
			buildActionMask = 2147483647;
			files = (
				8D4118622305C4360036DCB6 /* ServiceLayer.swift in Sources */,
				8D992A0322F353930013584E /* ViewController.swift in Sources */,
				8D4118642305CFE60036DCB6 /* Router.swift in Sources */,
				8D992A0122F353930013584E /* AppDelegate.swift in Sources */,
				8D4118662305E11E0036DCB6 /* WeatherModel.swift in Sources */,
				8D992A0922F353930013584E /* SPD_Take_Home.xcdatamodeld in Sources */,
			);
			runOnlyForDeploymentPostprocessing = 0;
		};
		8D992A1022F353950013584E /* Sources */ = {
			isa = PBXSourcesBuildPhase;
			buildActionMask = 2147483647;
			files = (
				8D992A1922F353950013584E /* SPD_Take_HomeTests.swift in Sources */,
			);
			runOnlyForDeploymentPostprocessing = 0;
		};
/* End PBXSourcesBuildPhase section */

/* Begin PBXTargetDependency section */
		8D992A1622F353950013584E /* PBXTargetDependency */ = {
			isa = PBXTargetDependency;
			target = 8D9929FC22F353930013584E /* SPD-Take-Home */;
			targetProxy = 8D992A1522F353950013584E /* PBXContainerItemProxy */;
		};
/* End PBXTargetDependency section */

/* Begin PBXVariantGroup section */
		8D992A0422F353930013584E /* Main.storyboard */ = {
			isa = PBXVariantGroup;
			children = (
				8D992A0522F353930013584E /* Base */,
			);
			name = Main.storyboard;
			sourceTree = "<group>";
		};
		8D992A0C22F353950013584E /* LaunchScreen.storyboard */ = {
			isa = PBXVariantGroup;
			children = (
				8D992A0D22F353950013584E /* Base */,
			);
			name = LaunchScreen.storyboard;
			sourceTree = "<group>";
		};
/* End PBXVariantGroup section */

/* Begin XCBuildConfiguration section */
		8D992A1B22F353950013584E /* Debug */ = {
			isa = XCBuildConfiguration;
			buildSettings = {
				ALWAYS_SEARCH_USER_PATHS = NO;
				CLANG_ANALYZER_NONNULL = YES;
				CLANG_ANALYZER_NUMBER_OBJECT_CONVERSION = YES_AGGRESSIVE;
				CLANG_CXX_LANGUAGE_STANDARD = "gnu++14";
				CLANG_CXX_LIBRARY = "libc++";
				CLANG_ENABLE_MODULES = YES;
				CLANG_ENABLE_OBJC_ARC = YES;
				CLANG_ENABLE_OBJC_WEAK = YES;
				CLANG_WARN_BLOCK_CAPTURE_AUTORELEASING = YES;
				CLANG_WARN_BOOL_CONVERSION = YES;
				CLANG_WARN_COMMA = YES;
				CLANG_WARN_CONSTANT_CONVERSION = YES;
				CLANG_WARN_DEPRECATED_OBJC_IMPLEMENTATIONS = YES;
				CLANG_WARN_DIRECT_OBJC_ISA_USAGE = YES_ERROR;
				CLANG_WARN_DOCUMENTATION_COMMENTS = YES;
				CLANG_WARN_EMPTY_BODY = YES;
				CLANG_WARN_ENUM_CONVERSION = YES;
				CLANG_WARN_INFINITE_RECURSION = YES;
				CLANG_WARN_INT_CONVERSION = YES;
				CLANG_WARN_NON_LITERAL_NULL_CONVERSION = YES;
				CLANG_WARN_OBJC_IMPLICIT_RETAIN_SELF = YES;
				CLANG_WARN_OBJC_LITERAL_CONVERSION = YES;
				CLANG_WARN_OBJC_ROOT_CLASS = YES_ERROR;
				CLANG_WARN_RANGE_LOOP_ANALYSIS = YES;
				CLANG_WARN_STRICT_PROTOTYPES = YES;
				CLANG_WARN_SUSPICIOUS_MOVE = YES;
				CLANG_WARN_UNGUARDED_AVAILABILITY = YES_AGGRESSIVE;
				CLANG_WARN_UNREACHABLE_CODE = YES;
				CLANG_WARN__DUPLICATE_METHOD_MATCH = YES;
				CODE_SIGN_IDENTITY = "iPhone Developer";
				COPY_PHASE_STRIP = NO;
				DEBUG_INFORMATION_FORMAT = dwarf;
				ENABLE_STRICT_OBJC_MSGSEND = YES;
				ENABLE_TESTABILITY = YES;
				GCC_C_LANGUAGE_STANDARD = gnu11;
				GCC_DYNAMIC_NO_PIC = NO;
				GCC_NO_COMMON_BLOCKS = YES;
				GCC_OPTIMIZATION_LEVEL = 0;
				GCC_PREPROCESSOR_DEFINITIONS = (
					"DEBUG=1",
					"$(inherited)",
				);
				GCC_WARN_64_TO_32_BIT_CONVERSION = YES;
				GCC_WARN_ABOUT_RETURN_TYPE = YES_ERROR;
				GCC_WARN_UNDECLARED_SELECTOR = YES;
				GCC_WARN_UNINITIALIZED_AUTOS = YES_AGGRESSIVE;
				GCC_WARN_UNUSED_FUNCTION = YES;
				GCC_WARN_UNUSED_VARIABLE = YES;
				IPHONEOS_DEPLOYMENT_TARGET = 12.2;
				MTL_ENABLE_DEBUG_INFO = INCLUDE_SOURCE;
				MTL_FAST_MATH = YES;
				ONLY_ACTIVE_ARCH = YES;
				SDKROOT = iphoneos;
				SWIFT_ACTIVE_COMPILATION_CONDITIONS = DEBUG;
				SWIFT_OPTIMIZATION_LEVEL = "-Onone";
			};
			name = Debug;
		};
		8D992A1C22F353950013584E /* Release */ = {
			isa = XCBuildConfiguration;
			buildSettings = {
				ALWAYS_SEARCH_USER_PATHS = NO;
				CLANG_ANALYZER_NONNULL = YES;
				CLANG_ANALYZER_NUMBER_OBJECT_CONVERSION = YES_AGGRESSIVE;
				CLANG_CXX_LANGUAGE_STANDARD = "gnu++14";
				CLANG_CXX_LIBRARY = "libc++";
				CLANG_ENABLE_MODULES = YES;
				CLANG_ENABLE_OBJC_ARC = YES;
				CLANG_ENABLE_OBJC_WEAK = YES;
				CLANG_WARN_BLOCK_CAPTURE_AUTORELEASING = YES;
				CLANG_WARN_BOOL_CONVERSION = YES;
				CLANG_WARN_COMMA = YES;
				CLANG_WARN_CONSTANT_CONVERSION = YES;
				CLANG_WARN_DEPRECATED_OBJC_IMPLEMENTATIONS = YES;
				CLANG_WARN_DIRECT_OBJC_ISA_USAGE = YES_ERROR;
				CLANG_WARN_DOCUMENTATION_COMMENTS = YES;
				CLANG_WARN_EMPTY_BODY = YES;
				CLANG_WARN_ENUM_CONVERSION = YES;
				CLANG_WARN_INFINITE_RECURSION = YES;
				CLANG_WARN_INT_CONVERSION = YES;
				CLANG_WARN_NON_LITERAL_NULL_CONVERSION = YES;
				CLANG_WARN_OBJC_IMPLICIT_RETAIN_SELF = YES;
				CLANG_WARN_OBJC_LITERAL_CONVERSION = YES;
				CLANG_WARN_OBJC_ROOT_CLASS = YES_ERROR;
				CLANG_WARN_RANGE_LOOP_ANALYSIS = YES;
				CLANG_WARN_STRICT_PROTOTYPES = YES;
				CLANG_WARN_SUSPICIOUS_MOVE = YES;
				CLANG_WARN_UNGUARDED_AVAILABILITY = YES_AGGRESSIVE;
				CLANG_WARN_UNREACHABLE_CODE = YES;
				CLANG_WARN__DUPLICATE_METHOD_MATCH = YES;
				CODE_SIGN_IDENTITY = "iPhone Developer";
				COPY_PHASE_STRIP = NO;
				DEBUG_INFORMATION_FORMAT = "dwarf-with-dsym";
				ENABLE_NS_ASSERTIONS = NO;
				ENABLE_STRICT_OBJC_MSGSEND = YES;
				GCC_C_LANGUAGE_STANDARD = gnu11;
				GCC_NO_COMMON_BLOCKS = YES;
				GCC_WARN_64_TO_32_BIT_CONVERSION = YES;
				GCC_WARN_ABOUT_RETURN_TYPE = YES_ERROR;
				GCC_WARN_UNDECLARED_SELECTOR = YES;
				GCC_WARN_UNINITIALIZED_AUTOS = YES_AGGRESSIVE;
				GCC_WARN_UNUSED_FUNCTION = YES;
				GCC_WARN_UNUSED_VARIABLE = YES;
				IPHONEOS_DEPLOYMENT_TARGET = 12.2;
				MTL_ENABLE_DEBUG_INFO = NO;
				MTL_FAST_MATH = YES;
				SDKROOT = iphoneos;
				SWIFT_COMPILATION_MODE = wholemodule;
				SWIFT_OPTIMIZATION_LEVEL = "-O";
				VALIDATE_PRODUCT = YES;
			};
			name = Release;
		};
		8D992A1E22F353950013584E /* Debug */ = {
			isa = XCBuildConfiguration;
			buildSettings = {
				ASSETCATALOG_COMPILER_APPICON_NAME = AppIcon;
				CODE_SIGN_STYLE = Automatic;
				DEVELOPMENT_TEAM = K5SBR68WW2;
				INFOPLIST_FILE = "SPD-Take-Home/Info.plist";
				LD_RUNPATH_SEARCH_PATHS = (
					"$(inherited)",
					"@executable_path/Frameworks",
				);
				PRODUCT_BUNDLE_IDENTIFIER = "com.RicardoRodriguez.SPD-Take-Home";
				PRODUCT_NAME = "$(TARGET_NAME)";
				SWIFT_VERSION = 5.0;
				TARGETED_DEVICE_FAMILY = "1,2";
			};
			name = Debug;
		};
		8D992A1F22F353950013584E /* Release */ = {
			isa = XCBuildConfiguration;
			buildSettings = {
				ASSETCATALOG_COMPILER_APPICON_NAME = AppIcon;
				CODE_SIGN_STYLE = Automatic;
				DEVELOPMENT_TEAM = K5SBR68WW2;
				INFOPLIST_FILE = "SPD-Take-Home/Info.plist";
				LD_RUNPATH_SEARCH_PATHS = (
					"$(inherited)",
					"@executable_path/Frameworks",
				);
				PRODUCT_BUNDLE_IDENTIFIER = "com.RicardoRodriguez.SPD-Take-Home";
				PRODUCT_NAME = "$(TARGET_NAME)";
				SWIFT_VERSION = 5.0;
				TARGETED_DEVICE_FAMILY = "1,2";
			};
			name = Release;
		};
		8D992A2122F353950013584E /* Debug */ = {
			isa = XCBuildConfiguration;
			buildSettings = {
				ALWAYS_EMBED_SWIFT_STANDARD_LIBRARIES = YES;
				BUNDLE_LOADER = "$(TEST_HOST)";
				CODE_SIGN_STYLE = Automatic;
				DEVELOPMENT_TEAM = K5SBR68WW2;
				INFOPLIST_FILE = "SPD-Take-HomeTests/Info.plist";
				LD_RUNPATH_SEARCH_PATHS = (
					"$(inherited)",
					"@executable_path/Frameworks",
					"@loader_path/Frameworks",
				);
				PRODUCT_BUNDLE_IDENTIFIER = "com.RicardoRodriguez.SPD-Take-HomeTests";
				PRODUCT_NAME = "$(TARGET_NAME)";
				SWIFT_VERSION = 5.0;
				TARGETED_DEVICE_FAMILY = "1,2";
				TEST_HOST = "$(BUILT_PRODUCTS_DIR)/SPD-Take-Home.app/SPD-Take-Home";
			};
			name = Debug;
		};
		8D992A2222F353950013584E /* Release */ = {
			isa = XCBuildConfiguration;
			buildSettings = {
				ALWAYS_EMBED_SWIFT_STANDARD_LIBRARIES = YES;
				BUNDLE_LOADER = "$(TEST_HOST)";
				CODE_SIGN_STYLE = Automatic;
				DEVELOPMENT_TEAM = K5SBR68WW2;
				INFOPLIST_FILE = "SPD-Take-HomeTests/Info.plist";
				LD_RUNPATH_SEARCH_PATHS = (
					"$(inherited)",
					"@executable_path/Frameworks",
					"@loader_path/Frameworks",
				);
				PRODUCT_BUNDLE_IDENTIFIER = "com.RicardoRodriguez.SPD-Take-HomeTests";
				PRODUCT_NAME = "$(TARGET_NAME)";
				SWIFT_VERSION = 5.0;
				TARGETED_DEVICE_FAMILY = "1,2";
				TEST_HOST = "$(BUILT_PRODUCTS_DIR)/SPD-Take-Home.app/SPD-Take-Home";
			};
			name = Release;
		};
/* End XCBuildConfiguration section */

/* Begin XCConfigurationList section */
		8D9929F822F353930013584E /* Build configuration list for PBXProject "SPD-Take-Home" */ = {
			isa = XCConfigurationList;
			buildConfigurations = (
				8D992A1B22F353950013584E /* Debug */,
				8D992A1C22F353950013584E /* Release */,
			);
			defaultConfigurationIsVisible = 0;
			defaultConfigurationName = Release;
		};
		8D992A1D22F353950013584E /* Build configuration list for PBXNativeTarget "SPD-Take-Home" */ = {
			isa = XCConfigurationList;
			buildConfigurations = (
				8D992A1E22F353950013584E /* Debug */,
				8D992A1F22F353950013584E /* Release */,
			);
			defaultConfigurationIsVisible = 0;
			defaultConfigurationName = Release;
		};
		8D992A2022F353950013584E /* Build configuration list for PBXNativeTarget "SPD-Take-HomeTests" */ = {
			isa = XCConfigurationList;
			buildConfigurations = (
				8D992A2122F353950013584E /* Debug */,
				8D992A2222F353950013584E /* Release */,
			);
			defaultConfigurationIsVisible = 0;
			defaultConfigurationName = Release;
		};
/* End XCConfigurationList section */

/* Begin XCVersionGroup section */
		8D992A0722F353930013584E /* SPD_Take_Home.xcdatamodeld */ = {
			isa = XCVersionGroup;
			children = (
				8D992A0822F353930013584E /* SPD_Take_Home.xcdatamodel */,
			);
			currentVersion = 8D992A0822F353930013584E /* SPD_Take_Home.xcdatamodel */;
			path = SPD_Take_Home.xcdatamodeld;
			sourceTree = "<group>";
			versionGroupType = wrapper.xcdatamodel;
		};
/* End XCVersionGroup section */
	};
	rootObject = 8D9929F522F353930013584E /* Project object */;
}
